
Microsoft Visual Studio Solution File, Format Version 12.00
# Visual Studio Version 17
VisualStudioVersion = 17.3.32901.215
MinimumVisualStudioVersion = 10.0.40219.1
Project("{FAE04EC0-301F-11D3-BF4B-00C04F79EFBC}") = "Lab7Testing", "Lab7Testing\Lab7Testing.csproj", "{DA661560-5C51-4AAD-89C1-7D99A1BF7762}"
EndProject
Global
	GlobalSection(SolutionConfigurationPlatforms) = preSolution
		Debug|Any CPU = Debug|Any CPU
		Release|Any CPU = Release|Any CPU
	EndGlobalSection
	GlobalSection(ProjectConfigurationPlatforms) = postSolution
		{DA661560-5C51-4AAD-89C1-7D99A1BF7762}.Debug|Any CPU.ActiveCfg = Debug|Any CPU
		{DA661560-5C51-4AAD-89C1-7D99A1BF7762}.Debug|Any CPU.Build.0 = Debug|Any CPU
		{DA661560-5C51-4AAD-89C1-7D99A1BF7762}.Release|Any CPU.ActiveCfg = Release|Any CPU
		{DA661560-5C51-4AAD-89C1-7D99A1BF7762}.Release|Any CPU.Build.0 = Release|Any CPU
	EndGlobalSection
	GlobalSection(SolutionProperties) = preSolution
		HideSolutionNode = FALSE
	EndGlobalSection
	GlobalSection(ExtensibilityGlobals) = postSolution
		SolutionGuid = {B8AAC228-D60D-434C-AFC8-8EEAB7D4C61D}
	EndGlobalSection
EndGlobal
